github.com/edsrzf/mmap-go v1.1.0 h1:6EUwBLQ/Mcr1EYLE4Tn1VdW1A4ckqCQWZBw8Hr0kjpQ=
github.com/edsrzf/mmap-go v1.1.0/go.mod h1:19H/e8pUPLicwkyNgOykDXkJ9F0MHE+Z52B8EIth78Q=
github.com/golang/snappy v0.0.3 h1:fHPg5GQYlCeLIPB9BZqMVR5nR9A+IM5zcgeTdjMYmLA=
github.com/golang/snappy v0.0.3/go.mod h1:/XxbfmMg8lxefKM7IXC3fBNl/7bRcc72aCRzEWrmP2Q=
github.com/minio/highwayhash v1.0.2 h1:Aak5U0nElisjDCfPSG79Tgzkn2gl66NxOMspRrKnA/g=
github.com/minio/highwayhash v1.0.2/go.mod h1:BQskDq+xkJ12lmlUUi7U0M5Swg3EWR+dLTk+kldvVxY=
github.com/remyoudompheng/bigfft v0.0.0-20190728182440-6a916e37a237/go.mod h1:qqbHyh8v60DhA7CoWK5oRCqLrMHRGoxYCSS9EjAz6Eo=
github.com/remyoudompheng/bigfft v0.0.0-20200410134404-eec4a21b6bb0 h1:OdAsTTz6OkFY5QxjkYwrChwuRruF69c169dPK26NUlk=
github.com/remyoudompheng/bigfft v0.0.0-20200410134404-eec4a21b6bb0/go.mod h1:qqbHyh8v60DhA7CoWK5oRCqLrMHRGoxYCSS9EjAz6Eo=
golang.org/x/exp v0.0.0-20181106170214-d68db9428509/go.mod h1:CJ0aWSM057203Lf6IL+f9T1iT9GByDxfZKAQTCR3kQA=
golang.org/x/sys v0.0.0-20190130150945-aca44879d564/go.mod h1:STP8DvDyc/dI5b8T5hshtkjS+E42TnysNCUPdjciGhY=
golang.org/x/sys v0.0.0-20211216021012-1d35b9e2eb4e/go.mod h1:oPkhp1MJrh7nUepCBck5+mAzfO9JrbApNNgaTdGDITg=
golang.org/x/sys v0.0.0-20220811171246-fbc7d0a398ab h1:2QkjZIsXupsJbJIdSjjUOgWK3aEtzyuh2mPt3l/CkeU=
golang.org/x/sys v0.0.0-20220811171246-fbc7d0a398ab/go.mod h1:oPkhp1MJrh7nUepCBck5+mAzfO9JrbApNNgaTdGDITg=
modernc.org/b v1.0.3 h1:i4Iye3D8KsPozbQndZzccQ/PlIVpMe3U/ET4dhAkGjs=
modernc.org/b v1.0.3/go.mod h1:bauv72WoSgpBPpK6rQRqE+xVQHzszHS92P3mKx1l3g4=
modernc.org/db v1.0.5 h1:oqO6M64BpKB6oQBcBt1PXcvpQI9hNovYWZUye6WyGeQ=
modernc.org/db v1.0.5/go.mod h1:mSG3GlMvRtmCtw7De3pGYFWiRhhQo+kOvAF5QsBppbM=
modernc.org/file v1.0.4/go.mod h1:f7r4AdK84xOlQjKqHPGv8oJkV9DUm5lv+r/g1xxdevI=
modernc.org/file v1.0.5 h1:xL7sYrLd/5BrVi1Hg4St27VTCB1eREbboSnKXWRJLVE=
modernc.org/file v1.0.5/go.mod h1:+ak+nXq/7/5SzhyjbI/3F+m2uXtwwzJctus0VuhA/Pc=
modernc.org/fileutil v1.0.0/go.mod h1:JHsWpkrk/CnVV1H/eGlFf85BEpfkrp56ro8nojIq9Q8=
modernc.org/fileutil v1.1.0/go.mod h1:SErFOYfL50xApg0X5XfUOQiku7cTgQ6/8XNvJHKy9eI=
modernc.org/fileutil v1.1.1 h1:L2sQJIacLy07ufTTA8tEs8MYBSGDZNSgTMv9/uvsrpM=
modernc.org/fileutil v1.1.1/go.mod h1:HdjlliqRHrMAI4nVOvvpYVzVgvRSK7WnoCiG0GUWJNo=
modernc.org/golex v1.0.2 h1:/wtZQYGDEM38LomGt/Es/NF/kRoafpDBn6KczghrNTY=
modernc.org/golex v1.0.2/go.mod h1:zTDx8IGCk0T0iMGsJdZjpSS2S6EkxfAc+evUtgiSY2A=
modernc.org/internal v1.0.3/go.mod h1:dvHFQEGEd33HZar0OdSYIm6yen/77eukCqffWSAwQUc=
modernc.org/internal v1.0.4/go.mod h1:dvHFQEGEd33HZar0OdSYIm6yen/77eukCqffWSAwQUc=
modernc.org/internal v1.0.5 h1:liZJd7ANjmsxjPK1+Vra6KS8QdqjtypQfjFEnLJydfo=
modernc.org/internal v1.0.5/go.mod h1:lbE47ueQuXAscba+1ykHkFFi1M3On4ZOreb9LRZ6k4k=
modernc.org/lex v1.1.0/go.mod h1:+ojes+j0JYCaqwKYCBjcUavscJHmWFKvViUTMU4VjLA=
modernc.org/lexer v1.0.0/go.mod h1:F/Dld0YKYdZCLQ7bD0USbWL4YKCyTDRDHiDTOs0q0vk=
modernc.org/lexer v1.0.2/go.mod h1:CqDIZ65Q1z38UWVfBrMdZRLwtktcF1WNQ3UVkKwlrls=
modernc.org/lldb v1.0.4 h1:FWlxVwxUKjuyu1fz3rmXJb4plvsw5F83PYN72ulzFIQ=
modernc.org/lldb v1.0.4/go.mod h1:AKDI6wUJk7iJS8nRX54St8rq9wUIi3o5YGN3rlejR5o=
modernc.org/mathutil v1.0.0/go.mod h1:wU0vUrJsVWBZ4P6e7xtFJEhFSNsfRLJ8H458uRjg03k=
modernc.org/mathutil v1.4.1/go.mod h1:mZW8CKdRPY1v87qxC/wUdX5O1qDzXMP5TH3wjfpga6E=
modernc.org/mathutil v1.5.0 h1:rV0Ko/6SfM+8G+yKiyI830l3Wuz1zRutdslNoQ0kfiQ=
modernc.org/mathutil v1.5.0/go.mod h1:mZW8CKdRPY1v87qxC/wUdX5O1qDzXMP5TH3wjfpga6E=
modernc.org/ql v1.4.4 h1:y51NLIt3URP/V/IxarfhbNsnzNCUQImnFxyZT+3USmc=
modernc.org/ql v1.4.4/go.mod h1:Smm1I/XGjA+MP/h1f4v6+nlCowCbZIcXmZmvaA1yIBk=
modernc.org/sortutil v1.1.0 h1:oP3U4uM+NT/qBQcbg/K2iqAX0Nx7B1b6YZtq3Gk/PjM=
modernc.org/sortutil v1.1.0/go.mod h1:ZyL98OQHJgH9IEfN71VsamvJgrtRX9Dj2gX+vH86L1k=
modernc.org/strutil v1.1.3 h1:fNMm+oJklMGYfU9Ylcywl0CO5O6nTfaowNsh2wpPjzY=
modernc.org/strutil v1.1.3/go.mod h1:MEHNA7PdEnEwLvspRMtWTNnp2nnyvMfkimT1NKNAGbw=
modernc.org/zappy v1.0.5 h1:XEh6U/ITG9I5Fgl9mBczbaOU7khNcS2+jPVaYlalif4=
modernc.org/zappy v1.0.5/go.mod h1:Q5T4ra3/JJNORGK16oe8rRAti7kWtRW4Z93fzin2gBc=
