github.com/edsrzf/mmap-go v1.0.0/go.mod h1:YO35OhQPt3KJa3ryjFM5Bs14WD66h8eGKpfaBNrHW5M=
github.com/edsrzf/mmap-go v1.1.0 h1:6EUwBLQ/Mcr1EYLE4Tn1VdW1A4ckqCQWZBw8Hr0kjpQ=
github.com/edsrzf/mmap-go v1.1.0/go.mod h1:19H/e8pUPLicwkyNgOykDXkJ9F0MHE+Z52B8EIth78Q=
github.com/golang/snappy v0.0.3 h1:fHPg5GQYlCeLIPB9BZqMVR5nR9A+IM5zcgeTdjMYmLA=
github.com/golang/snappy v0.0.3/go.mod h1:/XxbfmMg8lxefKM7IXC3fBNl/7bRcc72aCRzEWrmP2Q=
github.com/minio/highwayhash v1.0.2 h1:Aak5U0nElisjDCfPSG79Tgzkn2gl66NxOMspRrKnA/g=
github.com/minio/highwayhash v1.0.2/go.mod h1:BQskDq+xkJ12lmlUUi7U0M5Swg3EWR+dLTk+kldvVxY=
github.com/remyoudompheng/bigfft v0.0.0-20190728182440-6a916e37a237/go.mod h1:qqbHyh8v60DhA7CoWK5oRCqLrMHRGoxYCSS9EjAz6Eo=
github.com/remyoudompheng/bigfft v0.0.0-20200410134404-eec4a21b6bb0 h1:OdAsTTz6OkFY5QxjkYwrChwuRruF69c169dPK26NUlk=
github.com/remyoudompheng/bigfft v0.0.0-20200410134404-eec4a21b6bb0/go.mod h1:qqbHyh8v60DhA7CoWK5oRCqLrMHRGoxYCSS9EjAz6Eo=
golang.org/x/exp v0.0.0-20181106170214-d68db9428509/go.mod h1:CJ0aWSM057203Lf6IL+f9T1iT9GByDxfZKAQTCR3kQA=
golang.org/x/sys v0.0.0-20190130150945-aca44879d564/go.mod h1:STP8DvDyc/dI5b8T5hshtkjS+E42TnysNCUPdjciGhY=
golang.org/x/sys v0.0.0-20210630005230-0f9fa26af87c/go.mod h1:oPkhp1MJrh7nUepCBck5+mAzfO9JrbApNNgaTdGDITg=
golang.org/x/sys v0.0.0-20211216021012-1d35b9e2eb4e h1:fLOSk5Q00efkSvAm+4xcoXD+RRmLmmulPn5I3Y9F2EM=
golang.org/x/sys v0.0.0-20211216021012-1d35b9e2eb4e/go.mod h1:oPkhp1MJrh7nUepCBck5+mAzfO9JrbApNNgaTdGDITg=
modernc.org/b v1.0.2 h1:iPC2u39ebzq12GOC2yXT4mve0HrWcH85cz+midWjzeo=
modernc.org/b v1.0.2/go.mod h1:fVGfCIzkZw5RsuF2A2WHbJmY7FiMIq30nP4s52uWsoY=
modernc.org/db v1.0.4 h1:EbCNg3ajWVZqQL8oEruFYuscbcnfxzgCIURyq7xFhPc=
modernc.org/db v1.0.4/go.mod h1:h14AWQVee2g0PDe7v6yO7zj6+SpBYRd4+X0oJnaK5LU=
modernc.org/file v1.0.3 h1:McYGAMMuqjRp6ptmpcLr3r5yw3gNPsonFCAJ0tNK74U=
modernc.org/file v1.0.3/go.mod h1:CNj/pwOfCtCbqiHcXDUlHBB2vWrzdaDCWdcnjtS1+XY=
modernc.org/fileutil v1.0.0 h1:Z1AFLZwl6BO8A5NldQg/xTSjGLetp+1Ubvl4alfGx8w=
modernc.org/fileutil v1.0.0/go.mod h1:JHsWpkrk/CnVV1H/eGlFf85BEpfkrp56ro8nojIq9Q8=
modernc.org/golex v1.0.1 h1:EYKY1a3wStt0RzHaH8mdSRNg78Ub0OHxYfCRWw35YtM=
modernc.org/golex v1.0.1/go.mod h1:QCA53QtsT1NdGkaZZkF5ezFwk4IXh4BGNafAARTC254=
modernc.org/internal v1.0.2/go.mod h1:bycJAcev709ZU/47nil584PeBD+kbu8nv61ozeMso9E=
modernc.org/internal v1.0.3/go.mod h1:dvHFQEGEd33HZar0OdSYIm6yen/77eukCqffWSAwQUc=
modernc.org/internal v1.0.4 h1:U1cbGBExTV43aHmNac3OIzh1knnRBcLjGG+owT2wQ9k=
modernc.org/internal v1.0.4/go.mod h1:dvHFQEGEd33HZar0OdSYIm6yen/77eukCqffWSAwQUc=
modernc.org/lex v1.0.0/go.mod h1:G6rxMTy3cH2iA0iXL/HRRv4Znu8MK4higxph/lE7ypk=
modernc.org/lexer v1.0.0/go.mod h1:F/Dld0YKYdZCLQ7bD0USbWL4YKCyTDRDHiDTOs0q0vk=
modernc.org/lldb v1.0.4 h1:FWlxVwxUKjuyu1fz3rmXJb4plvsw5F83PYN72ulzFIQ=
modernc.org/lldb v1.0.4/go.mod h1:AKDI6wUJk7iJS8nRX54St8rq9wUIi3o5YGN3rlejR5o=
modernc.org/mathutil v1.0.0/go.mod h1:wU0vUrJsVWBZ4P6e7xtFJEhFSNsfRLJ8H458uRjg03k=
modernc.org/mathutil v1.2.2/go.mod h1:mZW8CKdRPY1v87qxC/wUdX5O1qDzXMP5TH3wjfpga6E=
modernc.org/mathutil v1.4.1 h1:ij3fYGe8zBF4Vu+g0oT7mB06r8sqGWKuJu1yXeR4by8=
modernc.org/mathutil v1.4.1/go.mod h1:mZW8CKdRPY1v87qxC/wUdX5O1qDzXMP5TH3wjfpga6E=
modernc.org/ql v1.4.2 h1:rl47IyfPduK3G4sqo/qC9soWm4CLbM5Q3N1oYJ7vAUU=
modernc.org/ql v1.4.2/go.mod h1:KbJi+DGh+3ciXhan1qUluPRPCot69gU3DmS2QDVAPIc=
modernc.org/sortutil v1.1.0 h1:oP3U4uM+NT/qBQcbg/K2iqAX0Nx7B1b6YZtq3Gk/PjM=
modernc.org/sortutil v1.1.0/go.mod h1:ZyL98OQHJgH9IEfN71VsamvJgrtRX9Dj2gX+vH86L1k=
modernc.org/strutil v1.1.1 h1:xv+J1BXY3Opl2ALrBwyfEikFAj8pmqcpnfmuwUwcozs=
modernc.org/strutil v1.1.1/go.mod h1:DE+MQQ/hjKBZS2zNInV5hhcipt5rLPWkmpbGeW5mmdw=
modernc.org/zappy v1.0.5 h1:XEh6U/ITG9I5Fgl9mBczbaOU7khNcS2+jPVaYlalif4=
modernc.org/zappy v1.0.5/go.mod h1:Q5T4ra3/JJNORGK16oe8rRAti7kWtRW4Z93fzin2gBc=
